{
  "object": {
    "pins": [
      {
        "package": "FileCheck",
        "repositoryURL": "https://github.com/llvm-swift/FileCheck.git",
        "state": {
          "branch": null,
          "revision": "bd9cb30ceee1f21c02f51a7168f58471449807d8",
          "version": "0.1.0"
        }
      },
      {
        "package": "LLVM",
        "repositoryURL": "https://github.com/llvm-swift/LLVMSwift.git",
        "state": {
          "branch": null,
          "revision": "78d734e576770e573441de6219550263fc4f703b",
          "version": "0.5.0"
        }
      }
    ]
  },
  "version": 1
}
